
Microsoft Visual Studio Solution File, Format Version 12.00
# Visual Studio Version 17
VisualStudioVersion = 17.11.35327.3
MinimumVisualStudioVersion = 10.0.40219.1
Project("{9A19103F-16F7-4668-BE54-9A1E7A4F7556}") = "CarbonTracker.API", "CarbonTracker.API.csproj", "{8912CD37-6980-44F6-8B96-A9BE585A955A}"
EndProject
Project("{FAE04EC0-301F-11D3-BF4B-00C04F79EFBC}") = "CarbonTracker.API.Tests", "..\CarbonTracker.API.Tests\CarbonTracker.API.Tests.csproj", "{A32628AC-C82B-1990-41FC-FA859C69BCB8}"
EndProject
Global
	GlobalSection(SolutionConfigurationPlatforms) = preSolution
		Debug|Any CPU = Debug|Any CPU
		Release|Any CPU = Release|Any CPU
	EndGlobalSection
	GlobalSection(ProjectConfigurationPlatforms) = postSolution
		{8912CD37-6980-44F6-8B96-A9BE585A955A}.Debug|Any CPU.ActiveCfg = Debug|Any CPU
		{8912CD37-6980-44F6-8B96-A9BE585A955A}.Debug|Any CPU.Build.0 = Debug|Any CPU
		{8912CD37-6980-44F6-8B96-A9BE585A955A}.Release|Any CPU.ActiveCfg = Release|Any CPU
		{8912CD37-6980-44F6-8B96-A9BE585A955A}.Release|Any CPU.Build.0 = Release|Any CPU
		{A32628AC-C82B-1990-41FC-FA859C69BCB8}.Debug|Any CPU.ActiveCfg = Debug|Any CPU
		{A32628AC-C82B-1990-41FC-FA859C69BCB8}.Debug|Any CPU.Build.0 = Debug|Any CPU
		{A32628AC-C82B-1990-41FC-FA859C69BCB8}.Release|Any CPU.ActiveCfg = Release|Any CPU
		{A32628AC-C82B-1990-41FC-FA859C69BCB8}.Release|Any CPU.Build.0 = Release|Any CPU
	EndGlobalSection
	GlobalSection(SolutionProperties) = preSolution
		HideSolutionNode = FALSE
	EndGlobalSection
	GlobalSection(ExtensibilityGlobals) = postSolution
		SolutionGuid = {AC4A3AC8-E260-4137-9CC9-D18FC4BEB4CE}
	EndGlobalSection
EndGlobal
